
Microsoft Visual Studio Solution File, Format Version 10.00
# Visual Studio 2008
Project("{F184B08F-C81C-45F6-A57F-5ABD9991F28F}") = "MAHASISWA", "MAHASISWA.vbproj", "{B38975A0-4A28-4CB3-8AC7-80B213EF4C62}"
EndProject
Global
	GlobalSection(SolutionConfigurationPlatforms) = preSolution
		Debug|Any CPU = Debug|Any CPU
		Release|Any CPU = Release|Any CPU
	EndGlobalSection
	GlobalSection(ProjectConfigurationPlatforms) = postSolution
		{B38975A0-4A28-4CB3-8AC7-80B213EF4C62}.Debug|Any CPU.ActiveCfg = Debug|Any CPU
		{B38975A0-4A28-4CB3-8AC7-80B213EF4C62}.Debug|Any CPU.Build.0 = Debug|Any CPU
		{B38975A0-4A28-4CB3-8AC7-80B213EF4C62}.Release|Any CPU.ActiveCfg = Release|Any CPU
		{B38975A0-4A28-4CB3-8AC7-80B213EF4C62}.Release|Any CPU.Build.0 = Release|Any CPU
	EndGlobalSection
	GlobalSection(SolutionProperties) = preSolution
		HideSolutionNode = FALSE
	EndGlobalSection
EndGlobal
